
Microsoft Visual Studio Solution File, Format Version 12.00
# Visual Studio Version 17
VisualStudioVersion = 17.4.33213.308
MinimumVisualStudioVersion = 10.0.40219.1
Project("{9A19103F-16F7-4668-BE54-9A1E7A4F7556}") = "Shaper", "Shaper\Shaper.csproj", "{E2AD3AA6-E29B-48D6-8FC6-CB795352D479}"
EndProject
Project("{9A19103F-16F7-4668-BE54-9A1E7A4F7556}") = "ShaperClient", "ShaperClient\ShaperClient.csproj", "{D92BDD28-622E-4BA4-8552-4841F3F39B9D}"
EndProject
Project("{9A19103F-16F7-4668-BE54-9A1E7A4F7556}") = "ShaperTests", "ShaperTests\ShaperTests.csproj", "{5BCDB779-7B69-4BC9-BEA3-63FC4E30766C}"
	ProjectSection(ProjectDependencies) = postProject
		{E2AD3AA6-E29B-48D6-8FC6-CB795352D479} = {E2AD3AA6-E29B-48D6-8FC6-CB795352D479}
	EndProjectSection
EndProject
Global
	GlobalSection(SolutionConfigurationPlatforms) = preSolution
		Debug|Any CPU = Debug|Any CPU
		Release|Any CPU = Release|Any CPU
	EndGlobalSection
	GlobalSection(ProjectConfigurationPlatforms) = postSolution
		{E2AD3AA6-E29B-48D6-8FC6-CB795352D479}.Debug|Any CPU.ActiveCfg = Debug|Any CPU
		{E2AD3AA6-E29B-48D6-8FC6-CB795352D479}.Debug|Any CPU.Build.0 = Debug|Any CPU
		{E2AD3AA6-E29B-48D6-8FC6-CB795352D479}.Release|Any CPU.ActiveCfg = Release|Any CPU
		{E2AD3AA6-E29B-48D6-8FC6-CB795352D479}.Release|Any CPU.Build.0 = Release|Any CPU
		{D92BDD28-622E-4BA4-8552-4841F3F39B9D}.Debug|Any CPU.ActiveCfg = Debug|Any CPU
		{D92BDD28-622E-4BA4-8552-4841F3F39B9D}.Debug|Any CPU.Build.0 = Debug|Any CPU
		{D92BDD28-622E-4BA4-8552-4841F3F39B9D}.Release|Any CPU.ActiveCfg = Release|Any CPU
		{D92BDD28-622E-4BA4-8552-4841F3F39B9D}.Release|Any CPU.Build.0 = Release|Any CPU
		{5BCDB779-7B69-4BC9-BEA3-63FC4E30766C}.Debug|Any CPU.ActiveCfg = Debug|Any CPU
		{5BCDB779-7B69-4BC9-BEA3-63FC4E30766C}.Debug|Any CPU.Build.0 = Debug|Any CPU
		{5BCDB779-7B69-4BC9-BEA3-63FC4E30766C}.Release|Any CPU.ActiveCfg = Release|Any CPU
		{5BCDB779-7B69-4BC9-BEA3-63FC4E30766C}.Release|Any CPU.Build.0 = Release|Any CPU
	EndGlobalSection
	GlobalSection(SolutionProperties) = preSolution
		HideSolutionNode = FALSE
	EndGlobalSection
	GlobalSection(ExtensibilityGlobals) = postSolution
		SolutionGuid = {C37BE7D0-0EB1-4097-BF20-56DDD0EC154E}
	EndGlobalSection
EndGlobal
