
Microsoft Visual Studio Solution File, Format Version 12.00
# Visual Studio Version 17
VisualStudioVersion = 17.4.33213.308
MinimumVisualStudioVersion = 10.0.40219.1
Project("{FAE04EC0-301F-11D3-BF4B-00C04F79EFBC}") = "Shaper", "Shaper\Shaper.csproj", "{E2AD3AA6-E29B-48D6-8FC6-CB795352D479}"
EndProject
Project("{FAE04EC0-301F-11D3-BF4B-00C04F79EFBC}") = "ShaperClient", "ShaperClient\ShaperClient.csproj", "{D92BDD28-622E-4BA4-8552-4841F3F39B9D}"
EndProject
Project("{FAE04EC0-301F-11D3-BF4B-00C04F79EFBC}") = "ShaperTests", "ShaperTests\ShaperTests.csproj", "{5BCDB779-7B69-4BC9-BEA3-63FC4E30766C}"
	ProjectSection(ProjectDependencies) = postProject
		{E2AD3AA6-E29B-48D6-8FC6-CB795352D479} = {E2AD3AA6-E29B-48D6-8FC6-CB795352D479}
	EndProjectSection
EndProject
Project("{FAE04EC0-301F-11D3-BF4B-00C04F79EFBC}") = "Visualizer", "Visualizer\Visualizer.csproj", "{092ED256-1030-4211-8283-31D3A61DE6A6}"
EndProject
Project("{FAE04EC0-301F-11D3-BF4B-00C04F79EFBC}") = "Shuffler", "Shuffler\Shuffler.csproj", "{888F88F5-4BAD-4AC5-BCE4-96936CE2AFEE}"
EndProject
Global
	GlobalSection(SolutionConfigurationPlatforms) = preSolution
		Debug|Any CPU = Debug|Any CPU
		Release|Any CPU = Release|Any CPU
	EndGlobalSection
	GlobalSection(ProjectConfigurationPlatforms) = postSolution
		{E2AD3AA6-E29B-48D6-8FC6-CB795352D479}.Debug|Any CPU.ActiveCfg = Debug|Any CPU
		{E2AD3AA6-E29B-48D6-8FC6-CB795352D479}.Debug|Any CPU.Build.0 = Debug|Any CPU
		{E2AD3AA6-E29B-48D6-8FC6-CB795352D479}.Release|Any CPU.ActiveCfg = Release|Any CPU
		{E2AD3AA6-E29B-48D6-8FC6-CB795352D479}.Release|Any CPU.Build.0 = Release|Any CPU
		{D92BDD28-622E-4BA4-8552-4841F3F39B9D}.Debug|Any CPU.ActiveCfg = Debug|Any CPU
		{D92BDD28-622E-4BA4-8552-4841F3F39B9D}.Debug|Any CPU.Build.0 = Debug|Any CPU
		{D92BDD28-622E-4BA4-8552-4841F3F39B9D}.Release|Any CPU.ActiveCfg = Release|Any CPU
		{D92BDD28-622E-4BA4-8552-4841F3F39B9D}.Release|Any CPU.Build.0 = Release|Any CPU
		{5BCDB779-7B69-4BC9-BEA3-63FC4E30766C}.Debug|Any CPU.ActiveCfg = Debug|Any CPU
		{5BCDB779-7B69-4BC9-BEA3-63FC4E30766C}.Debug|Any CPU.Build.0 = Debug|Any CPU
		{5BCDB779-7B69-4BC9-BEA3-63FC4E30766C}.Release|Any CPU.ActiveCfg = Release|Any CPU
		{5BCDB779-7B69-4BC9-BEA3-63FC4E30766C}.Release|Any CPU.Build.0 = Release|Any CPU
		{092ED256-1030-4211-8283-31D3A61DE6A6}.Debug|Any CPU.ActiveCfg = Debug|Any CPU
		{092ED256-1030-4211-8283-31D3A61DE6A6}.Debug|Any CPU.Build.0 = Debug|Any CPU
		{092ED256-1030-4211-8283-31D3A61DE6A6}.Release|Any CPU.ActiveCfg = Release|Any CPU
		{092ED256-1030-4211-8283-31D3A61DE6A6}.Release|Any CPU.Build.0 = Release|Any CPU
		{888F88F5-4BAD-4AC5-BCE4-96936CE2AFEE}.Debug|Any CPU.ActiveCfg = Debug|Any CPU
		{888F88F5-4BAD-4AC5-BCE4-96936CE2AFEE}.Debug|Any CPU.Build.0 = Debug|Any CPU
		{888F88F5-4BAD-4AC5-BCE4-96936CE2AFEE}.Release|Any CPU.ActiveCfg = Release|Any CPU
		{888F88F5-4BAD-4AC5-BCE4-96936CE2AFEE}.Release|Any CPU.Build.0 = Release|Any CPU
	EndGlobalSection
	GlobalSection(SolutionProperties) = preSolution
		HideSolutionNode = FALSE
	EndGlobalSection
	GlobalSection(ExtensibilityGlobals) = postSolution
		SolutionGuid = {C37BE7D0-0EB1-4097-BF20-56DDD0EC154E}
	EndGlobalSection
EndGlobal
